
Microsoft Visual Studio Solution File, Format Version 12.00
# Visual Studio Version 16
VisualStudioVersion = 16.0.30104.148
MinimumVisualStudioVersion = 10.0.40219.1
Project("{2150E333-8FDC-42A3-9474-1A3956D46DE8}") = "Application", "Application", "{248CCAAB-D67C-4082-8E3E-891107491177}"
EndProject
Project("{2150E333-8FDC-42A3-9474-1A3956D46DE8}") = "Domain", "Domain", "{15F5CA21-F873-481A-A78D-0DDA4A0D0786}"
EndProject
Project("{2150E333-8FDC-42A3-9474-1A3956D46DE8}") = "Infra.Data", "Infra.Data", "{5DC9B36B-3807-4DEF-9B81-DB8E2EDC1D2E}"
EndProject
Project("{2150E333-8FDC-42A3-9474-1A3956D46DE8}") = "Infra.IoC", "Infra.IoC", "{C4C613A4-0B7A-4207-8677-ECC54CDA3F0C}"
EndProject
Project("{2150E333-8FDC-42A3-9474-1A3956D46DE8}") = "Presentation", "Presentation", "{E483FDEF-E96B-4A94-A875-74A883323070}"
EndProject
Project("{9A19103F-16F7-4668-BE54-9A1E7A4F7556}") = "CleanArch.Api", "CleanArch.Api\CleanArch.Api.csproj", "{B64ABB0B-543D-450C-85CB-C7862D0FEA8E}"
EndProject
Project("{9A19103F-16F7-4668-BE54-9A1E7A4F7556}") = "CleanArch.Auth", "CleanArch.Auth\CleanArch.Auth.csproj", "{E26876F9-6CAB-4A0B-89EF-440A76A70657}"
EndProject
Project("{9A19103F-16F7-4668-BE54-9A1E7A4F7556}") = "CleanArch.Domain", "CleanArch.Domain\CleanArch.Domain.csproj", "{E743A40D-6118-405A-84B4-BEE319FEB4E2}"
EndProject
Project("{9A19103F-16F7-4668-BE54-9A1E7A4F7556}") = "CleanArch.Infra.Data", "CleanArch.Infra.Data\CleanArch.Infra.Data.csproj", "{5CF9853A-5460-4921-BDD5-6291C1079981}"
EndProject
Project("{9A19103F-16F7-4668-BE54-9A1E7A4F7556}") = "CleanArch.Application", "CleanArch.Application\CleanArch.Application.csproj", "{0813FF7D-4EA9-441F-9BA3-2A3EB656503B}"
EndProject
Project("{9A19103F-16F7-4668-BE54-9A1E7A4F7556}") = "CleanArch.Infra.Ioc", "CleanArch.Infra.Ioc\CleanArch.Infra.Ioc.csproj", "{AB75CC83-8C6F-4126-B8F4-F7D8DA3A98DC}"
EndProject
Project("{FAE04EC0-301F-11D3-BF4B-00C04F79EFBC}") = "CleanArch.Application.Abstractions", "CleanArch.Application.Abstractions\CleanArch.Application.Abstractions.csproj", "{390FD66A-A202-4255-B92A-2B75073A0363}"
EndProject
Global
	GlobalSection(SolutionConfigurationPlatforms) = preSolution
		Debug|Any CPU = Debug|Any CPU
		Release|Any CPU = Release|Any CPU
	EndGlobalSection
	GlobalSection(ProjectConfigurationPlatforms) = postSolution
		{B64ABB0B-543D-450C-85CB-C7862D0FEA8E}.Debug|Any CPU.ActiveCfg = Debug|Any CPU
		{B64ABB0B-543D-450C-85CB-C7862D0FEA8E}.Debug|Any CPU.Build.0 = Debug|Any CPU
		{B64ABB0B-543D-450C-85CB-C7862D0FEA8E}.Release|Any CPU.ActiveCfg = Release|Any CPU
		{B64ABB0B-543D-450C-85CB-C7862D0FEA8E}.Release|Any CPU.Build.0 = Release|Any CPU
		{E26876F9-6CAB-4A0B-89EF-440A76A70657}.Debug|Any CPU.ActiveCfg = Debug|Any CPU
		{E26876F9-6CAB-4A0B-89EF-440A76A70657}.Debug|Any CPU.Build.0 = Debug|Any CPU
		{E26876F9-6CAB-4A0B-89EF-440A76A70657}.Release|Any CPU.ActiveCfg = Release|Any CPU
		{E26876F9-6CAB-4A0B-89EF-440A76A70657}.Release|Any CPU.Build.0 = Release|Any CPU
		{E743A40D-6118-405A-84B4-BEE319FEB4E2}.Debug|Any CPU.ActiveCfg = Debug|Any CPU
		{E743A40D-6118-405A-84B4-BEE319FEB4E2}.Debug|Any CPU.Build.0 = Debug|Any CPU
		{E743A40D-6118-405A-84B4-BEE319FEB4E2}.Release|Any CPU.ActiveCfg = Release|Any CPU
		{E743A40D-6118-405A-84B4-BEE319FEB4E2}.Release|Any CPU.Build.0 = Release|Any CPU
		{5CF9853A-5460-4921-BDD5-6291C1079981}.Debug|Any CPU.ActiveCfg = Debug|Any CPU
		{5CF9853A-5460-4921-BDD5-6291C1079981}.Debug|Any CPU.Build.0 = Debug|Any CPU
		{5CF9853A-5460-4921-BDD5-6291C1079981}.Release|Any CPU.ActiveCfg = Release|Any CPU
		{5CF9853A-5460-4921-BDD5-6291C1079981}.Release|Any CPU.Build.0 = Release|Any CPU
		{0813FF7D-4EA9-441F-9BA3-2A3EB656503B}.Debug|Any CPU.ActiveCfg = Debug|Any CPU
		{0813FF7D-4EA9-441F-9BA3-2A3EB656503B}.Debug|Any CPU.Build.0 = Debug|Any CPU
		{0813FF7D-4EA9-441F-9BA3-2A3EB656503B}.Release|Any CPU.ActiveCfg = Release|Any CPU
		{0813FF7D-4EA9-441F-9BA3-2A3EB656503B}.Release|Any CPU.Build.0 = Release|Any CPU
		{AB75CC83-8C6F-4126-B8F4-F7D8DA3A98DC}.Debug|Any CPU.ActiveCfg = Debug|Any CPU
		{AB75CC83-8C6F-4126-B8F4-F7D8DA3A98DC}.Debug|Any CPU.Build.0 = Debug|Any CPU
		{AB75CC83-8C6F-4126-B8F4-F7D8DA3A98DC}.Release|Any CPU.ActiveCfg = Release|Any CPU
		{AB75CC83-8C6F-4126-B8F4-F7D8DA3A98DC}.Release|Any CPU.Build.0 = Release|Any CPU
		{390FD66A-A202-4255-B92A-2B75073A0363}.Debug|Any CPU.ActiveCfg = Debug|Any CPU
		{390FD66A-A202-4255-B92A-2B75073A0363}.Debug|Any CPU.Build.0 = Debug|Any CPU
		{390FD66A-A202-4255-B92A-2B75073A0363}.Release|Any CPU.ActiveCfg = Release|Any CPU
		{390FD66A-A202-4255-B92A-2B75073A0363}.Release|Any CPU.Build.0 = Release|Any CPU
	EndGlobalSection
	GlobalSection(SolutionProperties) = preSolution
		HideSolutionNode = FALSE
	EndGlobalSection
	GlobalSection(NestedProjects) = preSolution
		{B64ABB0B-543D-450C-85CB-C7862D0FEA8E} = {E483FDEF-E96B-4A94-A875-74A883323070}
		{E26876F9-6CAB-4A0B-89EF-440A76A70657} = {E483FDEF-E96B-4A94-A875-74A883323070}
		{E743A40D-6118-405A-84B4-BEE319FEB4E2} = {15F5CA21-F873-481A-A78D-0DDA4A0D0786}
		{5CF9853A-5460-4921-BDD5-6291C1079981} = {5DC9B36B-3807-4DEF-9B81-DB8E2EDC1D2E}
		{0813FF7D-4EA9-441F-9BA3-2A3EB656503B} = {248CCAAB-D67C-4082-8E3E-891107491177}
		{AB75CC83-8C6F-4126-B8F4-F7D8DA3A98DC} = {C4C613A4-0B7A-4207-8677-ECC54CDA3F0C}
		{390FD66A-A202-4255-B92A-2B75073A0363} = {248CCAAB-D67C-4082-8E3E-891107491177}
	EndGlobalSection
	GlobalSection(ExtensibilityGlobals) = postSolution
		SolutionGuid = {A223AD4B-A740-4A10-B2FA-36AD0E204CE2}
	EndGlobalSection
EndGlobal
